// !$*UTF8*$!
{
	archiveVersion = 1;
	classes = {
	};
	objectVersion = 46;
	objects = {

/* Begin PBXBuildFile section */
		E79808C21D1D563A002E56B1 /* AppDelegate.swift in Sources */ = {isa = PBXBuildFile; fileRef = E79808C11D1D563A002E56B1 /* AppDelegate.swift */; };
		E79808C41D1D563A002E56B1 /* ViewController.swift in Sources */ = {isa = PBXBuildFile; fileRef = E79808C31D1D563A002E56B1 /* ViewController.swift */; };
		E79808C71D1D563A002E56B1 /* Main.storyboard in Resources */ = {isa = PBXBuildFile; fileRef = E79808C51D1D563A002E56B1 /* Main.storyboard */; };
		E79808C91D1D563A002E56B1 /* Assets.xcassets in Resources */ = {isa = PBXBuildFile; fileRef = E79808C81D1D563A002E56B1 /* Assets.xcassets */; };
		E79808CC1D1D563A002E56B1 /* LaunchScreen.storyboard in Resources */ = {isa = PBXBuildFile; fileRef = E79808CA1D1D563A002E56B1 /* LaunchScreen.storyboard */; };
		E79808D71D1D563A002E56B1 /* tipsTests.swift in Sources */ = {isa = PBXBuildFile; fileRef = E79808D61D1D563A002E56B1 /* tipsTests.swift */; };
		E79808E21D1D563A002E56B1 /* tipsUITests.swift in Sources */ = {isa = PBXBuildFile; fileRef = E79808E11D1D563A002E56B1 /* tipsUITests.swift */; };
		E79808F21D1D7A6D002E56B1 /* SettingViewController.swift in Sources */ = {isa = PBXBuildFile; fileRef = E79808F11D1D7A6D002E56B1 /* SettingViewController.swift */; };
/* End PBXBuildFile section */

/* Begin PBXContainerItemProxy section */
		E79808D31D1D563A002E56B1 /* PBXContainerItemProxy */ = {
			isa = PBXContainerItemProxy;
			containerPortal = E79808B61D1D563A002E56B1 /* Project object */;
			proxyType = 1;
			remoteGlobalIDString = E79808BD1D1D563A002E56B1;
			remoteInfo = tips;
		};
		E79808DE1D1D563A002E56B1 /* PBXContainerItemProxy */ = {
			isa = PBXContainerItemProxy;
			containerPortal = E79808B61D1D563A002E56B1 /* Project object */;
			proxyType = 1;
			remoteGlobalIDString = E79808BD1D1D563A002E56B1;
			remoteInfo = tips;
		};
/* End PBXContainerItemProxy section */

/* Begin PBXFileReference section */
		E79808BE1D1D563A002E56B1 /* tips.app */ = {isa = PBXFileReference; explicitFileType = wrapper.application; includeInIndex = 0; path = tips.app; sourceTree = BUILT_PRODUCTS_DIR; };
		E79808C11D1D563A002E56B1 /* AppDelegate.swift */ = {isa = PBXFileReference; lastKnownFileType = sourcecode.swift; path = AppDelegate.swift; sourceTree = "<group>"; };
		E79808C31D1D563A002E56B1 /* ViewController.swift */ = {isa = PBXFileReference; lastKnownFileType = sourcecode.swift; path = ViewController.swift; sourceTree = "<group>"; };
		E79808C61D1D563A002E56B1 /* Base */ = {isa = PBXFileReference; lastKnownFileType = file.storyboard; name = Base; path = Base.lproj/Main.storyboard; sourceTree = "<group>"; };
		E79808C81D1D563A002E56B1 /* Assets.xcassets */ = {isa = PBXFileReference; lastKnownFileType = folder.assetcatalog; path = Assets.xcassets; sourceTree = "<group>"; };
		E79808CB1D1D563A002E56B1 /* Base */ = {isa = PBXFileReference; lastKnownFileType = file.storyboard; name = Base; path = Base.lproj/LaunchScreen.storyboard; sourceTree = "<group>"; };
		E79808CD1D1D563A002E56B1 /* Info.plist */ = {isa = PBXFileReference; lastKnownFileType = text.plist.xml; path = Info.plist; sourceTree = "<group>"; };
		E79808D21D1D563A002E56B1 /* tipsTests.xctest */ = {isa = PBXFileReference; explicitFileType = wrapper.cfbundle; includeInIndex = 0; path = tipsTests.xctest; sourceTree = BUILT_PRODUCTS_DIR; };
		E79808D61D1D563A002E56B1 /* tipsTests.swift */ = {isa = PBXFileReference; lastKnownFileType = sourcecode.swift; path = tipsTests.swift; sourceTree = "<group>"; };
		E79808D81D1D563A002E56B1 /* Info.plist */ = {isa = PBXFileReference; lastKnownFileType = text.plist.xml; path = Info.plist; sourceTree = "<group>"; };
		E79808DD1D1D563A002E56B1 /* tipsUITests.xctest */ = {isa = PBXFileReference; explicitFileType = wrapper.cfbundle; includeInIndex = 0; path = tipsUITests.xctest; sourceTree = BUILT_PRODUCTS_DIR; };
		E79808E11D1D563A002E56B1 /* tipsUITests.swift */ = {isa = PBXFileReference; lastKnownFileType = sourcecode.swift; path = tipsUITests.swift; sourceTree = "<group>"; };
		E79808E31D1D563A002E56B1 /* Info.plist */ = {isa = PBXFileReference; lastKnownFileType = text.plist.xml; path = Info.plist; sourceTree = "<group>"; };
		E79808F11D1D7A6D002E56B1 /* SettingViewController.swift */ = {isa = PBXFileReference; fileEncoding = 4; lastKnownFileType = sourcecode.swift; path = SettingViewController.swift; sourceTree = "<group>"; };
/* End PBXFileReference section */

/* Begin PBXFrameworksBuildPhase section */
		E79808BB1D1D563A002E56B1 /* Frameworks */ = {
			isa = PBXFrameworksBuildPhase;
			buildActionMask = 2147483647;
			files = (
			);
			runOnlyForDeploymentPostprocessing = 0;
		};
		E79808CF1D1D563A002E56B1 /* Frameworks */ = {
			isa = PBXFrameworksBuildPhase;
			buildActionMask = 2147483647;
			files = (
			);
			runOnlyForDeploymentPostprocessing = 0;
		};
		E79808DA1D1D563A002E56B1 /* Frameworks */ = {
			isa = PBXFrameworksBuildPhase;
			buildActionMask = 2147483647;
			files = (
			);
			runOnlyForDeploymentPostprocessing = 0;
		};
/* End PBXFrameworksBuildPhase section */

/* Begin PBXGroup section */
		E79808B51D1D563A002E56B1 = {
			isa = PBXGroup;
			children = (
				E79808C01D1D563A002E56B1 /* tips */,
				E79808D51D1D563A002E56B1 /* tipsTests */,
				E79808E01D1D563A002E56B1 /* tipsUITests */,
				E79808BF1D1D563A002E56B1 /* Products */,
			);
			sourceTree = "<group>";
		};
		E79808BF1D1D563A002E56B1 /* Products */ = {
			isa = PBXGroup;
			children = (
				E79808BE1D1D563A002E56B1 /* tips.app */,
				E79808D21D1D563A002E56B1 /* tipsTests.xctest */,
				E79808DD1D1D563A002E56B1 /* tipsUITests.xctest */,
			);
			name = Products;
			sourceTree = "<group>";
		};
		E79808C01D1D563A002E56B1 /* tips */ = {
			isa = PBXGroup;
			children = (
				E79808C11D1D563A002E56B1 /* AppDelegate.swift */,
				E79808C31D1D563A002E56B1 /* ViewController.swift */,
				E79808C51D1D563A002E56B1 /* Main.storyboard */,
				E79808F11D1D7A6D002E56B1 /* SettingViewController.swift */,
				E79808C81D1D563A002E56B1 /* Assets.xcassets */,
				E79808CA1D1D563A002E56B1 /* LaunchScreen.storyboard */,
				E79808CD1D1D563A002E56B1 /* Info.plist */,
			);
			path = tips;
			sourceTree = "<group>";
		};
		E79808D51D1D563A002E56B1 /* tipsTests */ = {
			isa = PBXGroup;
			children = (
				E79808D61D1D563A002E56B1 /* tipsTests.swift */,
				E79808D81D1D563A002E56B1 /* Info.plist */,
			);
			path = tipsTests;
			sourceTree = "<group>";
		};
		E79808E01D1D563A002E56B1 /* tipsUITests */ = {
			isa = PBXGroup;
			children = (
				E79808E11D1D563A002E56B1 /* tipsUITests.swift */,
				E79808E31D1D563A002E56B1 /* Info.plist */,
			);
			path = tipsUITests;
			sourceTree = "<group>";
		};
/* End PBXGroup section */

/* Begin PBXNativeTarget section */
		E79808BD1D1D563A002E56B1 /* tips */ = {
			isa = PBXNativeTarget;
			buildConfigurationList = E79808E61D1D563A002E56B1 /* Build configuration list for PBXNativeTarget "tips" */;
			buildPhases = (
				E79808BA1D1D563A002E56B1 /* Sources */,
				E79808BB1D1D563A002E56B1 /* Frameworks */,
				E79808BC1D1D563A002E56B1 /* Resources */,
			);
			buildRules = (
			);
			dependencies = (
			);
			name = tips;
			productName = tips;
			productReference = E79808BE1D1D563A002E56B1 /* tips.app */;
			productType = "com.apple.product-type.application";
		};
		E79808D11D1D563A002E56B1 /* tipsTests */ = {
			isa = PBXNativeTarget;
			buildConfigurationList = E79808E91D1D563A002E56B1 /* Build configuration list for PBXNativeTarget "tipsTests" */;
			buildPhases = (
				E79808CE1D1D563A002E56B1 /* Sources */,
				E79808CF1D1D563A002E56B1 /* Frameworks */,
				E79808D01D1D563A002E56B1 /* Resources */,
			);
			buildRules = (
			);
			dependencies = (
				E79808D41D1D563A002E56B1 /* PBXTargetDependency */,
			);
			name = tipsTests;
			productName = tipsTests;
			productReference = E79808D21D1D563A002E56B1 /* tipsTests.xctest */;
			productType = "com.apple.product-type.bundle.unit-test";
		};
		E79808DC1D1D563A002E56B1 /* tipsUITests */ = {
			isa = PBXNativeTarget;
			buildConfigurationList = E79808EC1D1D563A002E56B1 /* Build configuration list for PBXNativeTarget "tipsUITests" */;
			buildPhases = (
				E79808D91D1D563A002E56B1 /* Sources */,
				E79808DA1D1D563A002E56B1 /* Frameworks */,
				E79808DB1D1D563A002E56B1 /* Resources */,
			);
			buildRules = (
			);
			dependencies = (
				E79808DF1D1D563A002E56B1 /* PBXTargetDependency */,
			);
			name = tipsUITests;
			productName = tipsUITests;
			productReference = E79808DD1D1D563A002E56B1 /* tipsUITests.xctest */;
			productType = "com.apple.product-type.bundle.ui-testing";
		};
/* End PBXNativeTarget section */

/* Begin PBXProject section */
		E79808B61D1D563A002E56B1 /* Project object */ = {
			isa = PBXProject;
			attributes = {
				LastSwiftUpdateCheck = 0730;
				LastUpgradeCheck = 0730;
				ORGANIZATIONNAME = "Haena Kim";
				TargetAttributes = {
					E79808BD1D1D563A002E56B1 = {
						CreatedOnToolsVersion = 7.3.1;
					};
					E79808D11D1D563A002E56B1 = {
						CreatedOnToolsVersion = 7.3.1;
						TestTargetID = E79808BD1D1D563A002E56B1;
					};
					E79808DC1D1D563A002E56B1 = {
						CreatedOnToolsVersion = 7.3.1;
						TestTargetID = E79808BD1D1D563A002E56B1;
					};
				};
			};
			buildConfigurationList = E79808B91D1D563A002E56B1 /* Build configuration list for PBXProject "tips" */;
			compatibilityVersion = "Xcode 3.2";
			developmentRegion = English;
			hasScannedForEncodings = 0;
			knownRegions = (
				en,
				Base,
			);
			mainGroup = E79808B51D1D563A002E56B1;
			productRefGroup = E79808BF1D1D563A002E56B1 /* Products */;
			projectDirPath = "";
			projectRoot = "";
			targets = (
				E79808BD1D1D563A002E56B1 /* tips */,
				E79808D11D1D563A002E56B1 /* tipsTests */,
				E79808DC1D1D563A002E56B1 /* tipsUITests */,
			);
		};
/* End PBXProject section */

/* Begin PBXResourcesBuildPhase section */
		E79808BC1D1D563A002E56B1 /* Resources */ = {
			isa = PBXResourcesBuildPhase;
			buildActionMask = 2147483647;
			files = (
				E79808CC1D1D563A002E56B1 /* LaunchScreen.storyboard in Resources */,
				E79808C91D1D563A002E56B1 /* Assets.xcassets in Resources */,
				E79808C71D1D563A002E56B1 /* Main.storyboard in Resources */,
			);
			runOnlyForDeploymentPostprocessing = 0;
		};
		E79808D01D1D563A002E56B1 /* Resources */ = {
			isa = PBXResourcesBuildPhase;
			buildActionMask = 2147483647;
			files = (
			);
			runOnlyForDeploymentPostprocessing = 0;
		};
		E79808DB1D1D563A002E56B1 /* Resources */ = {
			isa = PBXResourcesBuildPhase;
			buildActionMask = 2147483647;
			files = (
			);
			runOnlyForDeploymentPostprocessing = 0;
		};
/* End PBXResourcesBuildPhase section */

/* Begin PBXSourcesBuildPhase section */
		E79808BA1D1D563A002E56B1 /* Sources */ = {
			isa = PBXSourcesBuildPhase;
			buildActionMask = 2147483647;
			files = (
				E79808C41D1D563A002E56B1 /* ViewController.swift in Sources */,
				E79808C21D1D563A002E56B1 /* AppDelegate.swift in Sources */,
				E79808F21D1D7A6D002E56B1 /* SettingViewController.swift in Sources */,
			);
			runOnlyForDeploymentPostprocessing = 0;
		};
		E79808CE1D1D563A002E56B1 /* Sources */ = {
			isa = PBXSourcesBuildPhase;
			buildActionMask = 2147483647;
			files = (
				E79808D71D1D563A002E56B1 /* tipsTests.swift in Sources */,
			);
			runOnlyForDeploymentPostprocessing = 0;
		};
		E79808D91D1D563A002E56B1 /* Sources */ = {
			isa = PBXSourcesBuildPhase;
			buildActionMask = 2147483647;
			files = (
				E79808E21D1D563A002E56B1 /* tipsUITests.swift in Sources */,
			);
			runOnlyForDeploymentPostprocessing = 0;
		};
/* End PBXSourcesBuildPhase section */

/* Begin PBXTargetDependency section */
		E79808D41D1D563A002E56B1 /* PBXTargetDependency */ = {
			isa = PBXTargetDependency;
			target = E79808BD1D1D563A002E56B1 /* tips */;
			targetProxy = E79808D31D1D563A002E56B1 /* PBXContainerItemProxy */;
		};
		E79808DF1D1D563A002E56B1 /* PBXTargetDependency */ = {
			isa = PBXTargetDependency;
			target = E79808BD1D1D563A002E56B1 /* tips */;
			targetProxy = E79808DE1D1D563A002E56B1 /* PBXContainerItemProxy */;
		};
/* End PBXTargetDependency section */

/* Begin PBXVariantGroup section */
		E79808C51D1D563A002E56B1 /* Main.storyboard */ = {
			isa = PBXVariantGroup;
			children = (
				E79808C61D1D563A002E56B1 /* Base */,
			);
			name = Main.storyboard;
			sourceTree = "<group>";
		};
		E79808CA1D1D563A002E56B1 /* LaunchScreen.storyboard */ = {
			isa = PBXVariantGroup;
			children = (
				E79808CB1D1D563A002E56B1 /* Base */,
			);
			name = LaunchScreen.storyboard;
			sourceTree = "<group>";
		};
/* End PBXVariantGroup section */

/* Begin XCBuildConfiguration section */
		E79808E41D1D563A002E56B1 /* Debug */ = {
			isa = XCBuildConfiguration;
			buildSettings = {
				ALWAYS_SEARCH_USER_PATHS = NO;
				CLANG_ANALYZER_NONNULL = YES;
				CLANG_CXX_LANGUAGE_STANDARD = "gnu++0x";
				CLANG_CXX_LIBRARY = "libc++";
				CLANG_ENABLE_MODULES = YES;
				CLANG_ENABLE_OBJC_ARC = YES;
				CLANG_WARN_BOOL_CONVERSION = YES;
				CLANG_WARN_CONSTANT_CONVERSION = YES;
				CLANG_WARN_DIRECT_OBJC_ISA_USAGE = YES_ERROR;
				CLANG_WARN_EMPTY_BODY = YES;
				CLANG_WARN_ENUM_CONVERSION = YES;
				CLANG_WARN_INT_CONVERSION = YES;
				CLANG_WARN_OBJC_ROOT_CLASS = YES_ERROR;
				CLANG_WARN_UNREACHABLE_CODE = YES;
				CLANG_WARN__DUPLICATE_METHOD_MATCH = YES;
				"CODE_SIGN_IDENTITY[sdk=iphoneos*]" = "iPhone Developer";
				COPY_PHASE_STRIP = NO;
				DEBUG_INFORMATION_FORMAT = dwarf;
				ENABLE_STRICT_OBJC_MSGSEND = YES;
				ENABLE_TESTABILITY = YES;
				GCC_C_LANGUAGE_STANDARD = gnu99;
				GCC_DYNAMIC_NO_PIC = NO;
				GCC_NO_COMMON_BLOCKS = YES;
				GCC_OPTIMIZATION_LEVEL = 0;
				GCC_PREPROCESSOR_DEFINITIONS = (
					"DEBUG=1",
					"$(inherited)",
				);
				GCC_WARN_64_TO_32_BIT_CONVERSION = YES;
				GCC_WARN_ABOUT_RETURN_TYPE = YES_ERROR;
				GCC_WARN_UNDECLARED_SELECTOR = YES;
				GCC_WARN_UNINITIALIZED_AUTOS = YES_AGGRESSIVE;
				GCC_WARN_UNUSED_FUNCTION = YES;
				GCC_WARN_UNUSED_VARIABLE = YES;
				IPHONEOS_DEPLOYMENT_TARGET = 9.3;
				MTL_ENABLE_DEBUG_INFO = YES;
				ONLY_ACTIVE_ARCH = YES;
				SDKROOT = iphoneos;
				SWIFT_OPTIMIZATION_LEVEL = "-Onone";
			};
			name = Debug;
		};
		E79808E51D1D563A002E56B1 /* Release */ = {
			isa = XCBuildConfiguration;
			buildSettings = {
				ALWAYS_SEARCH_USER_PATHS = NO;
				CLANG_ANALYZER_NONNULL = YES;
				CLANG_CXX_LANGUAGE_STANDARD = "gnu++0x";
				CLANG_CXX_LIBRARY = "libc++";
				CLANG_ENABLE_MODULES = YES;
				CLANG_ENABLE_OBJC_ARC = YES;
				CLANG_WARN_BOOL_CONVERSION = YES;
				CLANG_WARN_CONSTANT_CONVERSION = YES;
				CLANG_WARN_DIRECT_OBJC_ISA_USAGE = YES_ERROR;
				CLANG_WARN_EMPTY_BODY = YES;
				CLANG_WARN_ENUM_CONVERSION = YES;
				CLANG_WARN_INT_CONVERSION = YES;
				CLANG_WARN_OBJC_ROOT_CLASS = YES_ERROR;
				CLANG_WARN_UNREACHABLE_CODE = YES;
				CLANG_WARN__DUPLICATE_METHOD_MATCH = YES;
				"CODE_SIGN_IDENTITY[sdk=iphoneos*]" = "iPhone Developer";
				COPY_PHASE_STRIP = NO;
				DEBUG_INFORMATION_FORMAT = "dwarf-with-dsym";
				ENABLE_NS_ASSERTIONS = NO;
				ENABLE_STRICT_OBJC_MSGSEND = YES;
				GCC_C_LANGUAGE_STANDARD = gnu99;
				GCC_NO_COMMON_BLOCKS = YES;
				GCC_WARN_64_TO_32_BIT_CONVERSION = YES;
				GCC_WARN_ABOUT_RETURN_TYPE = YES_ERROR;
				GCC_WARN_UNDECLARED_SELECTOR = YES;
				GCC_WARN_UNINITIALIZED_AUTOS = YES_AGGRESSIVE;
				GCC_WARN_UNUSED_FUNCTION = YES;
				GCC_WARN_UNUSED_VARIABLE = YES;
				IPHONEOS_DEPLOYMENT_TARGET = 9.3;
				MTL_ENABLE_DEBUG_INFO = NO;
				SDKROOT = iphoneos;
				VALIDATE_PRODUCT = YES;
			};
			name = Release;
		};
		E79808E71D1D563A002E56B1 /* Debug */ = {
			isa = XCBuildConfiguration;
			buildSettings = {
				ASSETCATALOG_COMPILER_APPICON_NAME = AppIcon;
				CODE_SIGN_IDENTITY = "iPhone Developer";
				"CODE_SIGN_IDENTITY[sdk=iphoneos*]" = "iPhone Developer";
				INFOPLIST_FILE = tips/Info.plist;
				LD_RUNPATH_SEARCH_PATHS = "$(inherited) @executable_path/Frameworks";
				PRODUCT_BUNDLE_IDENTIFIER = HK.tips;
				PRODUCT_NAME = "$(TARGET_NAME)";
				PROVISIONING_PROFILE = "";
			};
			name = Debug;
		};
		E79808E81D1D563A002E56B1 /* Release */ = {
			isa = XCBuildConfiguration;
			buildSettings = {
				ASSETCATALOG_COMPILER_APPICON_NAME = AppIcon;
				CODE_SIGN_IDENTITY = "iPhone Developer";
				"CODE_SIGN_IDENTITY[sdk=iphoneos*]" = "iPhone Developer";
				INFOPLIST_FILE = tips/Info.plist;
				LD_RUNPATH_SEARCH_PATHS = "$(inherited) @executable_path/Frameworks";
				PRODUCT_BUNDLE_IDENTIFIER = HK.tips;
				PRODUCT_NAME = "$(TARGET_NAME)";
				PROVISIONING_PROFILE = "";
			};
			name = Release;
		};
		E79808EA1D1D563A002E56B1 /* Debug */ = {
			isa = XCBuildConfiguration;
			buildSettings = {
				BUNDLE_LOADER = "$(TEST_HOST)";
				INFOPLIST_FILE = tipsTests/Info.plist;
				LD_RUNPATH_SEARCH_PATHS = "$(inherited) @executable_path/Frameworks @loader_path/Frameworks";
				PRODUCT_BUNDLE_IDENTIFIER = HK.tipsTests;
				PRODUCT_NAME = "$(TARGET_NAME)";
				TEST_HOST = "$(BUILT_PRODUCTS_DIR)/tips.app/tips";
			};
			name = Debug;
		};
		E79808EB1D1D563A002E56B1 /* Release */ = {
			isa = XCBuildConfiguration;
			buildSettings = {
				BUNDLE_LOADER = "$(TEST_HOST)";
				INFOPLIST_FILE = tipsTests/Info.plist;
				LD_RUNPATH_SEARCH_PATHS = "$(inherited) @executable_path/Frameworks @loader_path/Frameworks";
				PRODUCT_BUNDLE_IDENTIFIER = HK.tipsTests;
				PRODUCT_NAME = "$(TARGET_NAME)";
				TEST_HOST = "$(BUILT_PRODUCTS_DIR)/tips.app/tips";
			};
			name = Release;
		};
		E79808ED1D1D563A002E56B1 /* Debug */ = {
			isa = XCBuildConfiguration;
			buildSettings = {
				INFOPLIST_FILE = tipsUITests/Info.plist;
				LD_RUNPATH_SEARCH_PATHS = "$(inherited) @executable_path/Frameworks @loader_path/Frameworks";
				PRODUCT_BUNDLE_IDENTIFIER = HK.tipsUITests;
				PRODUCT_NAME = "$(TARGET_NAME)";
				TEST_TARGET_NAME = tips;
			};
			name = Debug;
		};
		E79808EE1D1D563A002E56B1 /* Release */ = {
			isa = XCBuildConfiguration;
			buildSettings = {
				INFOPLIST_FILE = tipsUITests/Info.plist;
				LD_RUNPATH_SEARCH_PATHS = "$(inherited) @executable_path/Frameworks @loader_path/Frameworks";
				PRODUCT_BUNDLE_IDENTIFIER = HK.tipsUITests;
				PRODUCT_NAME = "$(TARGET_NAME)";
				TEST_TARGET_NAME = tips;
			};
			name = Release;
		};
/* End XCBuildConfiguration section */

/* Begin XCConfigurationList section */
		E79808B91D1D563A002E56B1 /* Build configuration list for PBXProject "tips" */ = {
			isa = XCConfigurationList;
			buildConfigurations = (
				E79808E41D1D563A002E56B1 /* Debug */,
				E79808E51D1D563A002E56B1 /* Release */,
			);
			defaultConfigurationIsVisible = 0;
			defaultConfigurationName = Release;
		};
		E79808E61D1D563A002E56B1 /* Build configuration list for PBXNativeTarget "tips" */ = {
			isa = XCConfigurationList;
			buildConfigurations = (
				E79808E71D1D563A002E56B1 /* Debug */,
				E79808E81D1D563A002E56B1 /* Release */,
			);
			defaultConfigurationIsVisible = 0;
		};
		E79808E91D1D563A002E56B1 /* Build configuration list for PBXNativeTarget "tipsTests" */ = {
			isa = XCConfigurationList;
			buildConfigurations = (
				E79808EA1D1D563A002E56B1 /* Debug */,
				E79808EB1D1D563A002E56B1 /* Release */,
			);
			defaultConfigurationIsVisible = 0;
		};
		E79808EC1D1D563A002E56B1 /* Build configuration list for PBXNativeTarget "tipsUITests" */ = {
			isa = XCConfigurationList;
			buildConfigurations = (
				E79808ED1D1D563A002E56B1 /* Debug */,
				E79808EE1D1D563A002E56B1 /* Release */,
			);
			defaultConfigurationIsVisible = 0;
		};
/* End XCConfigurationList section */
	};
	rootObject = E79808B61D1D563A002E56B1 /* Project object */;
}
